
Microsoft Visual Studio Solution File, Format Version 12.00
# Visual Studio 2015
Project("{FAE04EC0-301F-11D3-BF4B-00C04F79EFBC}") = "tuto1.CSharp.Plugins", "tuto1.CSharp.Plugins.csproj", "{4D76F71A-ABB4-6B11-0496-1B9F0B4FB14A}"
EndProject
Project("{FAE04EC0-301F-11D3-BF4B-00C04F79EFBC}") = "tuto1.CSharp", "tuto1.CSharp.csproj", "{98F48196-98BD-F992-9393-868331EED92A}"
EndProject
Project("{FAE04EC0-301F-11D3-BF4B-00C04F79EFBC}") = "tuto1.CSharp.Editor", "tuto1.CSharp.Editor.csproj", "{7A7343FF-F08C-DB39-BF4C-549DDA19672C}"
EndProject
Global
	GlobalSection(SolutionConfigurationPlatforms) = preSolution
		Debug|Any CPU = Debug|Any CPU
		Release|Any CPU = Release|Any CPU
	EndGlobalSection
	GlobalSection(ProjectConfigurationPlatforms) = postSolution
		{4D76F71A-ABB4-6B11-0496-1B9F0B4FB14A}.Debug|Any CPU.ActiveCfg = Debug|Any CPU
		{4D76F71A-ABB4-6B11-0496-1B9F0B4FB14A}.Debug|Any CPU.Build.0 = Debug|Any CPU
		{4D76F71A-ABB4-6B11-0496-1B9F0B4FB14A}.Release|Any CPU.ActiveCfg = Release|Any CPU
		{4D76F71A-ABB4-6B11-0496-1B9F0B4FB14A}.Release|Any CPU.Build.0 = Release|Any CPU
		{98F48196-98BD-F992-9393-868331EED92A}.Debug|Any CPU.ActiveCfg = Debug|Any CPU
		{98F48196-98BD-F992-9393-868331EED92A}.Debug|Any CPU.Build.0 = Debug|Any CPU
		{98F48196-98BD-F992-9393-868331EED92A}.Release|Any CPU.ActiveCfg = Release|Any CPU
		{98F48196-98BD-F992-9393-868331EED92A}.Release|Any CPU.Build.0 = Release|Any CPU
		{7A7343FF-F08C-DB39-BF4C-549DDA19672C}.Debug|Any CPU.ActiveCfg = Debug|Any CPU
		{7A7343FF-F08C-DB39-BF4C-549DDA19672C}.Debug|Any CPU.Build.0 = Debug|Any CPU
		{7A7343FF-F08C-DB39-BF4C-549DDA19672C}.Release|Any CPU.ActiveCfg = Release|Any CPU
		{7A7343FF-F08C-DB39-BF4C-549DDA19672C}.Release|Any CPU.Build.0 = Release|Any CPU
	EndGlobalSection
	GlobalSection(SolutionProperties) = preSolution
		HideSolutionNode = FALSE
	EndGlobalSection
EndGlobal
